
Microsoft Visual Studio Solution File, Format Version 12.00
# Visual Studio Version 16
VisualStudioVersion = 16.0.30114.105
MinimumVisualStudioVersion = 10.0.40219.1
Project("{FAE04EC0-301F-11D3-BF4B-00C04F79EFBC}") = "Ejercicio9 Signo", "Ejercicio9 Signo\Ejercicio9 Signo.csproj", "{04CF4A8F-1AD2-4B38-AE57-714AC83E494A}"
EndProject
Global
	GlobalSection(SolutionConfigurationPlatforms) = preSolution
		Debug|Any CPU = Debug|Any CPU
		Release|Any CPU = Release|Any CPU
	EndGlobalSection
	GlobalSection(ProjectConfigurationPlatforms) = postSolution
		{04CF4A8F-1AD2-4B38-AE57-714AC83E494A}.Debug|Any CPU.ActiveCfg = Debug|Any CPU
		{04CF4A8F-1AD2-4B38-AE57-714AC83E494A}.Debug|Any CPU.Build.0 = Debug|Any CPU
		{04CF4A8F-1AD2-4B38-AE57-714AC83E494A}.Release|Any CPU.ActiveCfg = Release|Any CPU
		{04CF4A8F-1AD2-4B38-AE57-714AC83E494A}.Release|Any CPU.Build.0 = Release|Any CPU
	EndGlobalSection
	GlobalSection(SolutionProperties) = preSolution
		HideSolutionNode = FALSE
	EndGlobalSection
	GlobalSection(ExtensibilityGlobals) = postSolution
		SolutionGuid = {F1B63D48-B7F1-4BB1-AC3E-70C09C07BACD}
	EndGlobalSection
EndGlobal
